<?xml version="1.0" encoding="utf-8"?>
<Project ToolsVersion="4.0" xmlns="http://schemas.microsoft.com/developer/msbuild/2003">
  <ItemGroup>
    <Filter Include="Source Files">
      <UniqueIdentifier>{4FC737F1-C7A5-4376-A066-2A32D752A2FF}</UniqueIdentifier>
      <Extensions>cpp;c;cc;cxx;c++;def;odl;idl;hpj;bat;asm;asmx</Extensions>
    </Filter>
    <Filter Include="Header Files">
      <UniqueIdentifier>{93995380-89BD-4b04-88EB-625FBE52EBFB}</UniqueIdentifier>
      <Extensions>h;hh;hpp;hxx;h++;hm;inl;inc;ipp;xsd</Extensions>
    </Filter>
    <Filter Include="Resource Files">
      <UniqueIdentifier>{67DA6AB6-F800-4c08-8B7A-83BB121AAD01}</UniqueIdentifier>
      <Extensions>rc;ico;cur;bmp;dlg;rc2;rct;bin;rgs;gif;jpg;jpeg;jpe;resx;tiff;tif;png;wav;mfcribbon-ms</Extensions>
    </Filter>
    <Filter Include="Header Files\Sound">
      <UniqueIdentifier>{2946335e-7533-429c-aac4-0843cae7d3e5}</UniqueIdentifier>
    </Filter>
    <Filter Include="Header Files\olc">
      <UniqueIdentifier>{f05b1152-8b89-4d06-b9e9-62b12beffe34}</UniqueIdentifier>
    </Filter>
  </ItemGroup>
  <ItemGroup>
    <ClCompile Include="Entity.cpp">
      <Filter>Source Files</Filter>
    </ClCompile>
    <ClCompile Include="Laser.cpp">
      <Filter>Source Files</Filter>
    </ClCompile>
    <ClCompile Include="SpaceObject.cpp">
      <Filter>Source Files</Filter>
    </ClCompile>
    <ClCompile Include="Disasteroids.cpp">
      <Filter>Source Files</Filter>
    </ClCompile>
    <ClCompile Include="Particle.cpp">
      <Filter>Source Files</Filter>
    </ClCompile>
    <ClCompile Include="ParticleSystem.cpp">
      <Filter>Source Files</Filter>
    </ClCompile>
    <ClCompile Include="DelayManager.cpp">
      <Filter>Source Files</Filter>
    </ClCompile>
    <ClCompile Include="BlackHole.cpp">
      <Filter>Source Files</Filter>
    </ClCompile>
  </ItemGroup>
  <ItemGroup>
    <ClInclude Include="Entity.h">
      <Filter>Header Files</Filter>
    </ClInclude>
    <ClInclude Include="Laser.h">
      <Filter>Header Files</Filter>
    </ClInclude>
    <ClInclude Include="SpaceObject.h">
      <Filter>Header Files</Filter>
    </ClInclude>
    <ClInclude Include="Particle.h">
      <Filter>Header Files</Filter>
    </ClInclude>
    <ClInclude Include="ParticleSystem.h">
      <Filter>Header Files</Filter>
    </ClInclude>
    <ClInclude Include="DelayManager.h">
      <Filter>Header Files</Filter>
    </ClInclude>
    <ClInclude Include="KeyCharMap.h">
      <Filter>Header Files</Filter>
    </ClInclude>
    <ClInclude Include="BlackHole.h">
      <Filter>Header Files</Filter>
    </ClInclude>
    <ClInclude Include="soloud.h">
      <Filter>Header Files\Sound</Filter>
    </ClInclude>
    <ClInclude Include="soloud_audiosource.h">
      <Filter>Header Files\Sound</Filter>
    </ClInclude>
    <ClInclude Include="soloud_bassboostfilter.h">
      <Filter>Header Files\Sound</Filter>
    </ClInclude>
    <ClInclude Include="soloud_biquadresonantfilter.h">
      <Filter>Header Files\Sound</Filter>
    </ClInclude>
    <ClInclude Include="soloud_bus.h">
      <Filter>Header Files\Sound</Filter>
    </ClInclude>
    <ClInclude Include="soloud_c.h">
      <Filter>Header Files\Sound</Filter>
    </ClInclude>
    <ClInclude Include="soloud_dcremovalfilter.h">
      <Filter>Header Files\Sound</Filter>
    </ClInclude>
    <ClInclude Include="soloud_echofilter.h">
      <Filter>Header Files\Sound</Filter>
    </ClInclude>
    <ClInclude Include="soloud_error.h">
      <Filter>Header Files\Sound</Filter>
    </ClInclude>
    <ClInclude Include="soloud_fader.h">
      <Filter>Header Files\Sound</Filter>
    </ClInclude>
    <ClInclude Include="soloud_fft.h">
      <Filter>Header Files\Sound</Filter>
    </ClInclude>
    <ClInclude Include="soloud_fftfilter.h">
      <Filter>Header Files\Sound</Filter>
    </ClInclude>
    <ClInclude Include="soloud_file.h">
      <Filter>Header Files\Sound</Filter>
    </ClInclude>
    <ClInclude Include="soloud_file_hack_off.h">
      <Filter>Header Files\Sound</Filter>
    </ClInclude>
    <ClInclude Include="soloud_file_hack_on.h">
      <Filter>Header Files\Sound</Filter>
    </ClInclude>
    <ClInclude Include="soloud_filter.h">
      <Filter>Header Files\Sound</Filter>
    </ClInclude>
    <ClInclude Include="soloud_flangerfilter.h">
      <Filter>Header Files\Sound</Filter>
    </ClInclude>
    <ClInclude Include="soloud_freeverbfilter.h">
      <Filter>Header Files\Sound</Filter>
    </ClInclude>
    <ClInclude Include="soloud_internal.h">
      <Filter>Header Files\Sound</Filter>
    </ClInclude>
    <ClInclude Include="soloud_lofifilter.h">
      <Filter>Header Files\Sound</Filter>
    </ClInclude>
    <ClInclude Include="soloud_misc.h">
      <Filter>Header Files\Sound</Filter>
    </ClInclude>
    <ClInclude Include="soloud_monotone.h">
      <Filter>Header Files\Sound</Filter>
    </ClInclude>
    <ClInclude Include="soloud_noise.h">
      <Filter>Header Files\Sound</Filter>
    </ClInclude>
    <ClInclude Include="soloud_openmpt.h">
      <Filter>Header Files\Sound</Filter>
    </ClInclude>
    <ClInclude Include="soloud_queue.h">
      <Filter>Header Files\Sound</Filter>
    </ClInclude>
    <ClInclude Include="soloud_robotizefilter.h">
      <Filter>Header Files\Sound</Filter>
    </ClInclude>
    <ClInclude Include="soloud_sfxr.h">
      <Filter>Header Files\Sound</Filter>
    </ClInclude>
    <ClInclude Include="soloud_speech.h">
      <Filter>Header Files\Sound</Filter>
    </ClInclude>
    <ClInclude Include="soloud_tedsid.h">
      <Filter>Header Files\Sound</Filter>
    </ClInclude>
    <ClInclude Include="soloud_thread.h">
      <Filter>Header Files\Sound</Filter>
    </ClInclude>
    <ClInclude Include="soloud_vic.h">
      <Filter>Header Files\Sound</Filter>
    </ClInclude>
    <ClInclude Include="soloud_vizsn.h">
      <Filter>Header Files\Sound</Filter>
    </ClInclude>
    <ClInclude Include="soloud_wav.h">
      <Filter>Header Files\Sound</Filter>
    </ClInclude>
    <ClInclude Include="soloud_waveshaperfilter.h">
      <Filter>Header Files\Sound</Filter>
    </ClInclude>
    <ClInclude Include="soloud_wavstream.h">
      <Filter>Header Files\Sound</Filter>
    </ClInclude>
    <ClInclude Include="olcPGEX_AudioListener.h">
      <Filter>Header Files\olc</Filter>
    </ClInclude>
    <ClInclude Include="olcPGEX_AudioSource.h">
      <Filter>Header Files\olc</Filter>
    </ClInclude>
    <ClInclude Include="olcPixelGameEngine.h">
      <Filter>Header Files\olc</Filter>
    </ClInclude>
  </ItemGroup>
  <ItemGroup>
    <Image Include="assets\title.png">
      <Filter>Resource Files</Filter>
    </Image>
  </ItemGroup>
  <ItemGroup>
    <Media Include="assets\audio\asteroidBreak.wav">
      <Filter>Resource Files</Filter>
    </Media>
    <Media Include="assets\audio\asteroidHit.wav">
      <Filter>Resource Files</Filter>
    </Media>
    <Media Include="assets\audio\introExplotion.wav">
      <Filter>Resource Files</Filter>
    </Media>
    <Media Include="assets\audio\laser.wav">
      <Filter>Resource Files</Filter>
    </Media>
    <Media Include="assets\audio\levelComplete.wav">
      <Filter>Resource Files</Filter>
    </Media>
    <Media Include="assets\audio\playerBreak.wav">
      <Filter>Resource Files</Filter>
    </Media>
    <Media Include="assets\audio\playerThrust.wav">
      <Filter>Resource Files</Filter>
    </Media>
  </ItemGroup>
  <ItemGroup>
    <None Include="SDL2.dll" />
    <None Include="SDL2_mixer.dll" />
  </ItemGroup>
  <ItemGroup>
    <Library Include="SDL2.lib" />
    <Library Include="SDL2_mixer.lib" />
    <Library Include="SDL2main.lib" />
    <Library Include="soloud.lib" />
    <Library Include="soloud_static.lib" />
  </ItemGroup>
</Project>